
Microsoft Visual Studio Solution File, Format Version 12.00
# Visual Studio 15
VisualStudioVersion = 15.0.28307.1300
MinimumVisualStudioVersion = 10.0.40219.1
Project("{FAE04EC0-301F-11D3-BF4B-00C04F79EFBC}") = "HashSet", "HashSet\HashSet.csproj", "{D29E36D3-F4F9-47D2-A1E7-F625F45B6855}"
EndProject
Global
	GlobalSection(SolutionConfigurationPlatforms) = preSolution
		Debug|Any CPU = Debug|Any CPU
		Release|Any CPU = Release|Any CPU
	EndGlobalSection
	GlobalSection(ProjectConfigurationPlatforms) = postSolution
		{D29E36D3-F4F9-47D2-A1E7-F625F45B6855}.Debug|Any CPU.ActiveCfg = Debug|Any CPU
		{D29E36D3-F4F9-47D2-A1E7-F625F45B6855}.Debug|Any CPU.Build.0 = Debug|Any CPU
		{D29E36D3-F4F9-47D2-A1E7-F625F45B6855}.Release|Any CPU.ActiveCfg = Release|Any CPU
		{D29E36D3-F4F9-47D2-A1E7-F625F45B6855}.Release|Any CPU.Build.0 = Release|Any CPU
	EndGlobalSection
	GlobalSection(SolutionProperties) = preSolution
		HideSolutionNode = FALSE
	EndGlobalSection
	GlobalSection(ExtensibilityGlobals) = postSolution
		SolutionGuid = {23108C94-4AE5-4314-91D4-6862142BE197}
	EndGlobalSection
EndGlobal
